// !$*UTF8*$!
{
	archiveVersion = 1;
	classes = {
	};
	objectVersion = 46;
	objects = {

/* Begin PBXBuildFile section */
		A487661F1A437FA100C4307E /* AppDelegate.swift in Sources */ = {isa = PBXBuildFile; fileRef = A487661E1A437FA100C4307E /* AppDelegate.swift */; };
		A48766211A437FA100C4307E /* ViewController.swift in Sources */ = {isa = PBXBuildFile; fileRef = A48766201A437FA100C4307E /* ViewController.swift */; };
		A48766241A437FA100C4307E /* Main.storyboard in Resources */ = {isa = PBXBuildFile; fileRef = A48766221A437FA100C4307E /* Main.storyboard */; };
		A48766261A437FA100C4307E /* Images.xcassets in Resources */ = {isa = PBXBuildFile; fileRef = A48766251A437FA100C4307E /* Images.xcassets */; };
		A48766291A437FA100C4307E /* LaunchScreen.xib in Resources */ = {isa = PBXBuildFile; fileRef = A48766271A437FA100C4307E /* LaunchScreen.xib */; };
		A48766351A437FA100C4307E /* Table_ViewsTests.swift in Sources */ = {isa = PBXBuildFile; fileRef = A48766341A437FA100C4307E /* Table_ViewsTests.swift */; };
/* End PBXBuildFile section */

/* Begin PBXContainerItemProxy section */
		A487662F1A437FA100C4307E /* PBXContainerItemProxy */ = {
			isa = PBXContainerItemProxy;
			containerPortal = A48766111A437FA100C4307E /* Project object */;
			proxyType = 1;
			remoteGlobalIDString = A48766181A437FA100C4307E;
			remoteInfo = "Table Views";
		};
/* End PBXContainerItemProxy section */

/* Begin PBXFileReference section */
		A48766191A437FA100C4307E /* Table Views.app */ = {isa = PBXFileReference; explicitFileType = wrapper.application; includeInIndex = 0; path = "Table Views.app"; sourceTree = BUILT_PRODUCTS_DIR; };
		A487661D1A437FA100C4307E /* Info.plist */ = {isa = PBXFileReference; lastKnownFileType = text.plist.xml; path = Info.plist; sourceTree = "<group>"; };
		A487661E1A437FA100C4307E /* AppDelegate.swift */ = {isa = PBXFileReference; lastKnownFileType = sourcecode.swift; path = AppDelegate.swift; sourceTree = "<group>"; };
		A48766201A437FA100C4307E /* ViewController.swift */ = {isa = PBXFileReference; lastKnownFileType = sourcecode.swift; path = ViewController.swift; sourceTree = "<group>"; };
		A48766231A437FA100C4307E /* Base */ = {isa = PBXFileReference; lastKnownFileType = file.storyboard; name = Base; path = Base.lproj/Main.storyboard; sourceTree = "<group>"; };
		A48766251A437FA100C4307E /* Images.xcassets */ = {isa = PBXFileReference; lastKnownFileType = folder.assetcatalog; path = Images.xcassets; sourceTree = "<group>"; };
		A48766281A437FA100C4307E /* Base */ = {isa = PBXFileReference; lastKnownFileType = file.xib; name = Base; path = Base.lproj/LaunchScreen.xib; sourceTree = "<group>"; };
		A487662E1A437FA100C4307E /* Table ViewsTests.xctest */ = {isa = PBXFileReference; explicitFileType = wrapper.cfbundle; includeInIndex = 0; path = "Table ViewsTests.xctest"; sourceTree = BUILT_PRODUCTS_DIR; };
		A48766331A437FA100C4307E /* Info.plist */ = {isa = PBXFileReference; lastKnownFileType = text.plist.xml; path = Info.plist; sourceTree = "<group>"; };
		A48766341A437FA100C4307E /* Table_ViewsTests.swift */ = {isa = PBXFileReference; lastKnownFileType = sourcecode.swift; path = Table_ViewsTests.swift; sourceTree = "<group>"; };
/* End PBXFileReference section */

/* Begin PBXFrameworksBuildPhase section */
		A48766161A437FA100C4307E /* Frameworks */ = {
			isa = PBXFrameworksBuildPhase;
			buildActionMask = 2147483647;
			files = (
			);
			runOnlyForDeploymentPostprocessing = 0;
		};
		A487662B1A437FA100C4307E /* Frameworks */ = {
			isa = PBXFrameworksBuildPhase;
			buildActionMask = 2147483647;
			files = (
			);
			runOnlyForDeploymentPostprocessing = 0;
		};
/* End PBXFrameworksBuildPhase section */

/* Begin PBXGroup section */
		A48766101A437FA100C4307E = {
			isa = PBXGroup;
			children = (
				A487661B1A437FA100C4307E /* Table Views */,
				A48766311A437FA100C4307E /* Table ViewsTests */,
				A487661A1A437FA100C4307E /* Products */,
			);
			sourceTree = "<group>";
		};
		A487661A1A437FA100C4307E /* Products */ = {
			isa = PBXGroup;
			children = (
				A48766191A437FA100C4307E /* Table Views.app */,
				A487662E1A437FA100C4307E /* Table ViewsTests.xctest */,
			);
			name = Products;
			sourceTree = "<group>";
		};
		A487661B1A437FA100C4307E /* Table Views */ = {
			isa = PBXGroup;
			children = (
				A487661E1A437FA100C4307E /* AppDelegate.swift */,
				A48766201A437FA100C4307E /* ViewController.swift */,
				A48766221A437FA100C4307E /* Main.storyboard */,
				A48766251A437FA100C4307E /* Images.xcassets */,
				A48766271A437FA100C4307E /* LaunchScreen.xib */,
				A487661C1A437FA100C4307E /* Supporting Files */,
			);
			path = "Table Views";
			sourceTree = "<group>";
		};
		A487661C1A437FA100C4307E /* Supporting Files */ = {
			isa = PBXGroup;
			children = (
				A487661D1A437FA100C4307E /* Info.plist */,
			);
			name = "Supporting Files";
			sourceTree = "<group>";
		};
		A48766311A437FA100C4307E /* Table ViewsTests */ = {
			isa = PBXGroup;
			children = (
				A48766341A437FA100C4307E /* Table_ViewsTests.swift */,
				A48766321A437FA100C4307E /* Supporting Files */,
			);
			path = "Table ViewsTests";
			sourceTree = "<group>";
		};
		A48766321A437FA100C4307E /* Supporting Files */ = {
			isa = PBXGroup;
			children = (
				A48766331A437FA100C4307E /* Info.plist */,
			);
			name = "Supporting Files";
			sourceTree = "<group>";
		};
/* End PBXGroup section */

/* Begin PBXNativeTarget section */
		A48766181A437FA100C4307E /* Table Views */ = {
			isa = PBXNativeTarget;
			buildConfigurationList = A48766381A437FA100C4307E /* Build configuration list for PBXNativeTarget "Table Views" */;
			buildPhases = (
				A48766151A437FA100C4307E /* Sources */,
				A48766161A437FA100C4307E /* Frameworks */,
				A48766171A437FA100C4307E /* Resources */,
			);
			buildRules = (
			);
			dependencies = (
			);
			name = "Table Views";
			productName = "Table Views";
			productReference = A48766191A437FA100C4307E /* Table Views.app */;
			productType = "com.apple.product-type.application";
		};
		A487662D1A437FA100C4307E /* Table ViewsTests */ = {
			isa = PBXNativeTarget;
			buildConfigurationList = A487663B1A437FA100C4307E /* Build configuration list for PBXNativeTarget "Table ViewsTests" */;
			buildPhases = (
				A487662A1A437FA100C4307E /* Sources */,
				A487662B1A437FA100C4307E /* Frameworks */,
				A487662C1A437FA100C4307E /* Resources */,
			);
			buildRules = (
			);
			dependencies = (
				A48766301A437FA100C4307E /* PBXTargetDependency */,
			);
			name = "Table ViewsTests";
			productName = "Table ViewsTests";
			productReference = A487662E1A437FA100C4307E /* Table ViewsTests.xctest */;
			productType = "com.apple.product-type.bundle.unit-test";
		};
/* End PBXNativeTarget section */

/* Begin PBXProject section */
		A48766111A437FA100C4307E /* Project object */ = {
			isa = PBXProject;
			attributes = {
				LastUpgradeCheck = 0610;
				ORGANIZATIONNAME = "Srinivas, Thirumalaa";
				TargetAttributes = {
					A48766181A437FA100C4307E = {
						CreatedOnToolsVersion = 6.1.1;
					};
					A487662D1A437FA100C4307E = {
						CreatedOnToolsVersion = 6.1.1;
						TestTargetID = A48766181A437FA100C4307E;
					};
				};
			};
			buildConfigurationList = A48766141A437FA100C4307E /* Build configuration list for PBXProject "Table Views" */;
			compatibilityVersion = "Xcode 3.2";
			developmentRegion = English;
			hasScannedForEncodings = 0;
			knownRegions = (
				en,
				Base,
			);
			mainGroup = A48766101A437FA100C4307E;
			productRefGroup = A487661A1A437FA100C4307E /* Products */;
			projectDirPath = "";
			projectRoot = "";
			targets = (
				A48766181A437FA100C4307E /* Table Views */,
				A487662D1A437FA100C4307E /* Table ViewsTests */,
			);
		};
/* End PBXProject section */

/* Begin PBXResourcesBuildPhase section */
		A48766171A437FA100C4307E /* Resources */ = {
			isa = PBXResourcesBuildPhase;
			buildActionMask = 2147483647;
			files = (
				A48766241A437FA100C4307E /* Main.storyboard in Resources */,
				A48766291A437FA100C4307E /* LaunchScreen.xib in Resources */,
				A48766261A437FA100C4307E /* Images.xcassets in Resources */,
			);
			runOnlyForDeploymentPostprocessing = 0;
		};
		A487662C1A437FA100C4307E /* Resources */ = {
			isa = PBXResourcesBuildPhase;
			buildActionMask = 2147483647;
			files = (
			);
			runOnlyForDeploymentPostprocessing = 0;
		};
/* End PBXResourcesBuildPhase section */

/* Begin PBXSourcesBuildPhase section */
		A48766151A437FA100C4307E /* Sources */ = {
			isa = PBXSourcesBuildPhase;
			buildActionMask = 2147483647;
			files = (
				A48766211A437FA100C4307E /* ViewController.swift in Sources */,
				A487661F1A437FA100C4307E /* AppDelegate.swift in Sources */,
			);
			runOnlyForDeploymentPostprocessing = 0;
		};
		A487662A1A437FA100C4307E /* Sources */ = {
			isa = PBXSourcesBuildPhase;
			buildActionMask = 2147483647;
			files = (
				A48766351A437FA100C4307E /* Table_ViewsTests.swift in Sources */,
			);
			runOnlyForDeploymentPostprocessing = 0;
		};
/* End PBXSourcesBuildPhase section */

/* Begin PBXTargetDependency section */
		A48766301A437FA100C4307E /* PBXTargetDependency */ = {
			isa = PBXTargetDependency;
			target = A48766181A437FA100C4307E /* Table Views */;
			targetProxy = A487662F1A437FA100C4307E /* PBXContainerItemProxy */;
		};
/* End PBXTargetDependency section */

/* Begin PBXVariantGroup section */
		A48766221A437FA100C4307E /* Main.storyboard */ = {
			isa = PBXVariantGroup;
			children = (
				A48766231A437FA100C4307E /* Base */,
			);
			name = Main.storyboard;
			sourceTree = "<group>";
		};
		A48766271A437FA100C4307E /* LaunchScreen.xib */ = {
			isa = PBXVariantGroup;
			children = (
				A48766281A437FA100C4307E /* Base */,
			);
			name = LaunchScreen.xib;
			sourceTree = "<group>";
		};
/* End PBXVariantGroup section */

/* Begin XCBuildConfiguration section */
		A48766361A437FA100C4307E /* Debug */ = {
			isa = XCBuildConfiguration;
			buildSettings = {
				ALWAYS_SEARCH_USER_PATHS = NO;
				CLANG_CXX_LANGUAGE_STANDARD = "gnu++0x";
				CLANG_CXX_LIBRARY = "libc++";
				CLANG_ENABLE_MODULES = YES;
				CLANG_ENABLE_OBJC_ARC = YES;
				CLANG_WARN_BOOL_CONVERSION = YES;
				CLANG_WARN_CONSTANT_CONVERSION = YES;
				CLANG_WARN_DIRECT_OBJC_ISA_USAGE = YES_ERROR;
				CLANG_WARN_EMPTY_BODY = YES;
				CLANG_WARN_ENUM_CONVERSION = YES;
				CLANG_WARN_INT_CONVERSION = YES;
				CLANG_WARN_OBJC_ROOT_CLASS = YES_ERROR;
				CLANG_WARN_UNREACHABLE_CODE = YES;
				CLANG_WARN__DUPLICATE_METHOD_MATCH = YES;
				"CODE_SIGN_IDENTITY[sdk=iphoneos*]" = "iPhone Developer";
				COPY_PHASE_STRIP = NO;
				ENABLE_STRICT_OBJC_MSGSEND = YES;
				GCC_C_LANGUAGE_STANDARD = gnu99;
				GCC_DYNAMIC_NO_PIC = NO;
				GCC_OPTIMIZATION_LEVEL = 0;
				GCC_PREPROCESSOR_DEFINITIONS = (
					"DEBUG=1",
					"$(inherited)",
				);
				GCC_SYMBOLS_PRIVATE_EXTERN = NO;
				GCC_WARN_64_TO_32_BIT_CONVERSION = YES;
				GCC_WARN_ABOUT_RETURN_TYPE = YES_ERROR;
				GCC_WARN_UNDECLARED_SELECTOR = YES;
				GCC_WARN_UNINITIALIZED_AUTOS = YES_AGGRESSIVE;
				GCC_WARN_UNUSED_FUNCTION = YES;
				GCC_WARN_UNUSED_VARIABLE = YES;
				IPHONEOS_DEPLOYMENT_TARGET = 8.1;
				MTL_ENABLE_DEBUG_INFO = YES;
				ONLY_ACTIVE_ARCH = YES;
				SDKROOT = iphoneos;
				SWIFT_OPTIMIZATION_LEVEL = "-Onone";
			};
			name = Debug;
		};
		A48766371A437FA100C4307E /* Release */ = {
			isa = XCBuildConfiguration;
			buildSettings = {
				ALWAYS_SEARCH_USER_PATHS = NO;
				CLANG_CXX_LANGUAGE_STANDARD = "gnu++0x";
				CLANG_CXX_LIBRARY = "libc++";
				CLANG_ENABLE_MODULES = YES;
				CLANG_ENABLE_OBJC_ARC = YES;
				CLANG_WARN_BOOL_CONVERSION = YES;
				CLANG_WARN_CONSTANT_CONVERSION = YES;
				CLANG_WARN_DIRECT_OBJC_ISA_USAGE = YES_ERROR;
				CLANG_WARN_EMPTY_BODY = YES;
				CLANG_WARN_ENUM_CONVERSION = YES;
				CLANG_WARN_INT_CONVERSION = YES;
				CLANG_WARN_OBJC_ROOT_CLASS = YES_ERROR;
				CLANG_WARN_UNREACHABLE_CODE = YES;
				CLANG_WARN__DUPLICATE_METHOD_MATCH = YES;
				"CODE_SIGN_IDENTITY[sdk=iphoneos*]" = "iPhone Developer";
				COPY_PHASE_STRIP = YES;
				ENABLE_NS_ASSERTIONS = NO;
				ENABLE_STRICT_OBJC_MSGSEND = YES;
				GCC_C_LANGUAGE_STANDARD = gnu99;
				GCC_WARN_64_TO_32_BIT_CONVERSION = YES;
				GCC_WARN_ABOUT_RETURN_TYPE = YES_ERROR;
				GCC_WARN_UNDECLARED_SELECTOR = YES;
				GCC_WARN_UNINITIALIZED_AUTOS = YES_AGGRESSIVE;
				GCC_WARN_UNUSED_FUNCTION = YES;
				GCC_WARN_UNUSED_VARIABLE = YES;
				IPHONEOS_DEPLOYMENT_TARGET = 8.1;
				MTL_ENABLE_DEBUG_INFO = NO;
				SDKROOT = iphoneos;
				VALIDATE_PRODUCT = YES;
			};
			name = Release;
		};
		A48766391A437FA100C4307E /* Debug */ = {
			isa = XCBuildConfiguration;
			buildSettings = {
				ASSETCATALOG_COMPILER_APPICON_NAME = AppIcon;
				INFOPLIST_FILE = "Table Views/Info.plist";
				LD_RUNPATH_SEARCH_PATHS = "$(inherited) @executable_path/Frameworks";
				PRODUCT_NAME = "$(TARGET_NAME)";
			};
			name = Debug;
		};
		A487663A1A437FA100C4307E /* Release */ = {
			isa = XCBuildConfiguration;
			buildSettings = {
				ASSETCATALOG_COMPILER_APPICON_NAME = AppIcon;
				INFOPLIST_FILE = "Table Views/Info.plist";
				LD_RUNPATH_SEARCH_PATHS = "$(inherited) @executable_path/Frameworks";
				PRODUCT_NAME = "$(TARGET_NAME)";
			};
			name = Release;
		};
		A487663C1A437FA100C4307E /* Debug */ = {
			isa = XCBuildConfiguration;
			buildSettings = {
				BUNDLE_LOADER = "$(TEST_HOST)";
				FRAMEWORK_SEARCH_PATHS = (
					"$(SDKROOT)/Developer/Library/Frameworks",
					"$(inherited)",
				);
				GCC_PREPROCESSOR_DEFINITIONS = (
					"DEBUG=1",
					"$(inherited)",
				);
				INFOPLIST_FILE = "Table ViewsTests/Info.plist";
				LD_RUNPATH_SEARCH_PATHS = "$(inherited) @executable_path/Frameworks @loader_path/Frameworks";
				PRODUCT_NAME = "$(TARGET_NAME)";
				TEST_HOST = "$(BUILT_PRODUCTS_DIR)/Table Views.app/Table Views";
			};
			name = Debug;
		};
		A487663D1A437FA100C4307E /* Release */ = {
			isa = XCBuildConfiguration;
			buildSettings = {
				BUNDLE_LOADER = "$(TEST_HOST)";
				FRAMEWORK_SEARCH_PATHS = (
					"$(SDKROOT)/Developer/Library/Frameworks",
					"$(inherited)",
				);
				INFOPLIST_FILE = "Table ViewsTests/Info.plist";
				LD_RUNPATH_SEARCH_PATHS = "$(inherited) @executable_path/Frameworks @loader_path/Frameworks";
				PRODUCT_NAME = "$(TARGET_NAME)";
				TEST_HOST = "$(BUILT_PRODUCTS_DIR)/Table Views.app/Table Views";
			};
			name = Release;
		};
/* End XCBuildConfiguration section */

/* Begin XCConfigurationList section */
		A48766141A437FA100C4307E /* Build configuration list for PBXProject "Table Views" */ = {
			isa = XCConfigurationList;
			buildConfigurations = (
				A48766361A437FA100C4307E /* Debug */,
				A48766371A437FA100C4307E /* Release */,
			);
			defaultConfigurationIsVisible = 0;
			defaultConfigurationName = Release;
		};
		A48766381A437FA100C4307E /* Build configuration list for PBXNativeTarget "Table Views" */ = {
			isa = XCConfigurationList;
			buildConfigurations = (
				A48766391A437FA100C4307E /* Debug */,
				A487663A1A437FA100C4307E /* Release */,
			);
			defaultConfigurationIsVisible = 0;
		};
		A487663B1A437FA100C4307E /* Build configuration list for PBXNativeTarget "Table ViewsTests" */ = {
			isa = XCConfigurationList;
			buildConfigurations = (
				A487663C1A437FA100C4307E /* Debug */,
				A487663D1A437FA100C4307E /* Release */,
			);
			defaultConfigurationIsVisible = 0;
		};
/* End XCConfigurationList section */
	};
	rootObject = A48766111A437FA100C4307E /* Project object */;
}
